
Microsoft Visual Studio Solution File, Format Version 12.00
# Visual Studio Version 16
VisualStudioVersion = 16.0.31424.327
MinimumVisualStudioVersion = 10.0.40219.1
Project("{FAE04EC0-301F-11D3-BF4B-00C04F79EFBC}") = "MikroSzim", "MikroSzim\MikroSzim.csproj", "{4D7A8DE6-F32B-47A8-9026-5BD7D51152D3}"
EndProject
Global
	GlobalSection(SolutionConfigurationPlatforms) = preSolution
		Debug|Any CPU = Debug|Any CPU
		Release|Any CPU = Release|Any CPU
	EndGlobalSection
	GlobalSection(ProjectConfigurationPlatforms) = postSolution
		{4D7A8DE6-F32B-47A8-9026-5BD7D51152D3}.Debug|Any CPU.ActiveCfg = Debug|Any CPU
		{4D7A8DE6-F32B-47A8-9026-5BD7D51152D3}.Debug|Any CPU.Build.0 = Debug|Any CPU
		{4D7A8DE6-F32B-47A8-9026-5BD7D51152D3}.Release|Any CPU.ActiveCfg = Release|Any CPU
		{4D7A8DE6-F32B-47A8-9026-5BD7D51152D3}.Release|Any CPU.Build.0 = Release|Any CPU
	EndGlobalSection
	GlobalSection(SolutionProperties) = preSolution
		HideSolutionNode = FALSE
	EndGlobalSection
	GlobalSection(ExtensibilityGlobals) = postSolution
		SolutionGuid = {423100D0-428E-4C91-8A1C-53FA54081065}
	EndGlobalSection
EndGlobal
