
Microsoft Visual Studio Solution File, Format Version 12.00
# Visual Studio Version 16
VisualStudioVersion = 16.0.31424.327
MinimumVisualStudioVersion = 10.0.40219.1
Project("{FAE04EC0-301F-11D3-BF4B-00C04F79EFBC}") = "negyedikhet_E2HDVC", "negyedikhet_E2HDVC\negyedikhet_E2HDVC.csproj", "{09822FE4-D431-48D4-9335-1B17EA1387C8}"
EndProject
Global
	GlobalSection(SolutionConfigurationPlatforms) = preSolution
		Debug|Any CPU = Debug|Any CPU
		Release|Any CPU = Release|Any CPU
	EndGlobalSection
	GlobalSection(ProjectConfigurationPlatforms) = postSolution
		{09822FE4-D431-48D4-9335-1B17EA1387C8}.Debug|Any CPU.ActiveCfg = Debug|Any CPU
		{09822FE4-D431-48D4-9335-1B17EA1387C8}.Debug|Any CPU.Build.0 = Debug|Any CPU
		{09822FE4-D431-48D4-9335-1B17EA1387C8}.Release|Any CPU.ActiveCfg = Release|Any CPU
		{09822FE4-D431-48D4-9335-1B17EA1387C8}.Release|Any CPU.Build.0 = Release|Any CPU
	EndGlobalSection
	GlobalSection(SolutionProperties) = preSolution
		HideSolutionNode = FALSE
	EndGlobalSection
	GlobalSection(ExtensibilityGlobals) = postSolution
		SolutionGuid = {7F163922-8984-4D18-9719-7998C29E03B6}
	EndGlobalSection
EndGlobal
